
Microsoft Visual Studio Solution File, Format Version 12.00
# Visual Studio Version 17
VisualStudioVersion = 17.4.33110.190
MinimumVisualStudioVersion = 10.0.40219.1
Project("{FAE04EC0-301F-11D3-BF4B-00C04F79EFBC}") = "InterestCalculatorMVC", "InterestCalculatorMVC.csproj", "{43390651-12DE-41C2-8FB9-DE96EDCCC59E}"
EndProject
Global
	GlobalSection(SolutionConfigurationPlatforms) = preSolution
		Debug|Any CPU = Debug|Any CPU
		Release|Any CPU = Release|Any CPU
	EndGlobalSection
	GlobalSection(ProjectConfigurationPlatforms) = postSolution
		{43390651-12DE-41C2-8FB9-DE96EDCCC59E}.Debug|Any CPU.ActiveCfg = Debug|Any CPU
		{43390651-12DE-41C2-8FB9-DE96EDCCC59E}.Debug|Any CPU.Build.0 = Debug|Any CPU
		{43390651-12DE-41C2-8FB9-DE96EDCCC59E}.Release|Any CPU.ActiveCfg = Release|Any CPU
		{43390651-12DE-41C2-8FB9-DE96EDCCC59E}.Release|Any CPU.Build.0 = Release|Any CPU
	EndGlobalSection
	GlobalSection(SolutionProperties) = preSolution
		HideSolutionNode = FALSE
	EndGlobalSection
	GlobalSection(ExtensibilityGlobals) = postSolution
		SolutionGuid = {7E2A188D-5098-46AB-AE60-B73948C83626}
	EndGlobalSection
EndGlobal
